// !$*UTF8*$!
{
	archiveVersion = 1;
	classes = {
	};
	objectVersion = 56;
	objects = {

/* Begin PBXBuildFile section */
		BF1CCDF82C94BFD6006627AE /* NarutoListViewController.xib in Resources */ = {isa = PBXBuildFile; fileRef = BF1CCDF72C94BFD6006627AE /* NarutoListViewController.xib */; };
		BF1CCDF92C94BFD6006627AE /* NarutoListViewController.swift in Sources */ = {isa = PBXBuildFile; fileRef = BF1CCDF62C94BFD6006627AE /* NarutoListViewController.swift */; };
		BF1CCDFB2C94C147006627AE /* Clan.swift in Sources */ = {isa = PBXBuildFile; fileRef = BF1CCDFA2C94C147006627AE /* Clan.swift */; };
		BF1CCDFE2C94C6C4006627AE /* NarutoTableViewCell.xib in Resources */ = {isa = PBXBuildFile; fileRef = BF1CCDFD2C94C6C4006627AE /* NarutoTableViewCell.xib */; };
		BF1CCDFF2C94C6C4006627AE /* NarutoTableViewCell.swift in Sources */ = {isa = PBXBuildFile; fileRef = BF1CCDFC2C94C6C4006627AE /* NarutoTableViewCell.swift */; };
		BF1CCE022C9500D9006627AE /* UIImageViewRemote.swift in Sources */ = {isa = PBXBuildFile; fileRef = BF1CCE012C9500D9006627AE /* UIImageViewRemote.swift */; };
		BF88354B2C9244A90072B99E /* AppDelegate.swift in Sources */ = {isa = PBXBuildFile; fileRef = BF88354A2C9244A90072B99E /* AppDelegate.swift */; };
		BF88354D2C9244A90072B99E /* SceneDelegate.swift in Sources */ = {isa = PBXBuildFile; fileRef = BF88354C2C9244A90072B99E /* SceneDelegate.swift */; };
		BF8835542C9244AA0072B99E /* Assets.xcassets in Resources */ = {isa = PBXBuildFile; fileRef = BF8835532C9244AA0072B99E /* Assets.xcassets */; };
		BF8835572C9244AA0072B99E /* Base in Resources */ = {isa = PBXBuildFile; fileRef = BF8835562C9244AA0072B99E /* Base */; };
/* End PBXBuildFile section */

/* Begin PBXFileReference section */
		BF1CCDF62C94BFD6006627AE /* NarutoListViewController.swift */ = {isa = PBXFileReference; lastKnownFileType = sourcecode.swift; path = NarutoListViewController.swift; sourceTree = "<group>"; };
		BF1CCDF72C94BFD6006627AE /* NarutoListViewController.xib */ = {isa = PBXFileReference; lastKnownFileType = file.xib; path = NarutoListViewController.xib; sourceTree = "<group>"; };
		BF1CCDFA2C94C147006627AE /* Clan.swift */ = {isa = PBXFileReference; lastKnownFileType = sourcecode.swift; path = Clan.swift; sourceTree = "<group>"; };
		BF1CCDFC2C94C6C4006627AE /* NarutoTableViewCell.swift */ = {isa = PBXFileReference; lastKnownFileType = sourcecode.swift; path = NarutoTableViewCell.swift; sourceTree = "<group>"; };
		BF1CCDFD2C94C6C4006627AE /* NarutoTableViewCell.xib */ = {isa = PBXFileReference; lastKnownFileType = file.xib; path = NarutoTableViewCell.xib; sourceTree = "<group>"; };
		BF1CCE012C9500D9006627AE /* UIImageViewRemote.swift */ = {isa = PBXFileReference; lastKnownFileType = sourcecode.swift; path = UIImageViewRemote.swift; sourceTree = "<group>"; };
		BF8835472C9244A90072B99E /* Naruto-IOS.app */ = {isa = PBXFileReference; explicitFileType = wrapper.application; includeInIndex = 0; path = "Naruto-IOS.app"; sourceTree = BUILT_PRODUCTS_DIR; };
		BF88354A2C9244A90072B99E /* AppDelegate.swift */ = {isa = PBXFileReference; lastKnownFileType = sourcecode.swift; path = AppDelegate.swift; sourceTree = "<group>"; };
		BF88354C2C9244A90072B99E /* SceneDelegate.swift */ = {isa = PBXFileReference; lastKnownFileType = sourcecode.swift; path = SceneDelegate.swift; sourceTree = "<group>"; };
		BF8835532C9244AA0072B99E /* Assets.xcassets */ = {isa = PBXFileReference; lastKnownFileType = folder.assetcatalog; path = Assets.xcassets; sourceTree = "<group>"; };
		BF8835562C9244AA0072B99E /* Base */ = {isa = PBXFileReference; lastKnownFileType = file.storyboard; name = Base; path = Base.lproj/LaunchScreen.storyboard; sourceTree = "<group>"; };
		BF8835582C9244AA0072B99E /* Info.plist */ = {isa = PBXFileReference; lastKnownFileType = text.plist.xml; path = Info.plist; sourceTree = "<group>"; };
/* End PBXFileReference section */

/* Begin PBXFrameworksBuildPhase section */
		BF8835442C9244A90072B99E /* Frameworks */ = {
			isa = PBXFrameworksBuildPhase;
			buildActionMask = 2147483647;
			files = (
			);
			runOnlyForDeploymentPostprocessing = 0;
		};
/* End PBXFrameworksBuildPhase section */

/* Begin PBXGroup section */
		BF1CCE002C950001006627AE /* Extensions */ = {
			isa = PBXGroup;
			children = (
				BF1CCE012C9500D9006627AE /* UIImageViewRemote.swift */,
			);
			path = Extensions;
			sourceTree = "<group>";
		};
		BF88353E2C9244A90072B99E = {
			isa = PBXGroup;
			children = (
				BF8835492C9244A90072B99E /* Naruto-IOS */,
				BF8835482C9244A90072B99E /* Products */,
			);
			sourceTree = "<group>";
		};
		BF8835482C9244A90072B99E /* Products */ = {
			isa = PBXGroup;
			children = (
				BF8835472C9244A90072B99E /* Naruto-IOS.app */,
			);
			name = Products;
			sourceTree = "<group>";
		};
		BF8835492C9244A90072B99E /* Naruto-IOS */ = {
			isa = PBXGroup;
			children = (
				BF1CCE002C950001006627AE /* Extensions */,
				BF88355F2C9245750072B99E /* Presentation */,
				BF88355E2C92456B0072B99E /* Models */,
				BF88354A2C9244A90072B99E /* AppDelegate.swift */,
				BF88354C2C9244A90072B99E /* SceneDelegate.swift */,
				BF8835532C9244AA0072B99E /* Assets.xcassets */,
				BF8835552C9244AA0072B99E /* LaunchScreen.storyboard */,
				BF8835582C9244AA0072B99E /* Info.plist */,
			);
			path = "Naruto-IOS";
			sourceTree = "<group>";
		};
		BF88355E2C92456B0072B99E /* Models */ = {
			isa = PBXGroup;
			children = (
				BF1CCDFA2C94C147006627AE /* Clan.swift */,
			);
			path = Models;
			sourceTree = "<group>";
		};
		BF88355F2C9245750072B99E /* Presentation */ = {
			isa = PBXGroup;
			children = (
				BF8835612C9245860072B99E /* View */,
				BF8835602C92457F0072B99E /* Controller */,
			);
			path = Presentation;
			sourceTree = "<group>";
		};
		BF8835602C92457F0072B99E /* Controller */ = {
			isa = PBXGroup;
			children = (
				BF1CCDF62C94BFD6006627AE /* NarutoListViewController.swift */,
			);
			path = Controller;
			sourceTree = "<group>";
		};
		BF8835612C9245860072B99E /* View */ = {
			isa = PBXGroup;
			children = (
				BF1CCDF72C94BFD6006627AE /* NarutoListViewController.xib */,
				BF1CCDFC2C94C6C4006627AE /* NarutoTableViewCell.swift */,
				BF1CCDFD2C94C6C4006627AE /* NarutoTableViewCell.xib */,
			);
			path = View;
			sourceTree = "<group>";
		};
/* End PBXGroup section */

/* Begin PBXNativeTarget section */
		BF8835462C9244A90072B99E /* Naruto-IOS */ = {
			isa = PBXNativeTarget;
			buildConfigurationList = BF88355B2C9244AA0072B99E /* Build configuration list for PBXNativeTarget "Naruto-IOS" */;
			buildPhases = (
				BF8835432C9244A90072B99E /* Sources */,
				BF8835442C9244A90072B99E /* Frameworks */,
				BF8835452C9244A90072B99E /* Resources */,
			);
			buildRules = (
			);
			dependencies = (
			);
			name = "Naruto-IOS";
			productName = "Naruto-IOS";
			productReference = BF8835472C9244A90072B99E /* Naruto-IOS.app */;
			productType = "com.apple.product-type.application";
		};
/* End PBXNativeTarget section */

/* Begin PBXProject section */
		BF88353F2C9244A90072B99E /* Project object */ = {
			isa = PBXProject;
			attributes = {
				BuildIndependentTargetsInParallel = 1;
				LastSwiftUpdateCheck = 1540;
				LastUpgradeCheck = 1540;
				TargetAttributes = {
					BF8835462C9244A90072B99E = {
						CreatedOnToolsVersion = 15.4;
					};
				};
			};
			buildConfigurationList = BF8835422C9244A90072B99E /* Build configuration list for PBXProject "Naruto-IOS" */;
			compatibilityVersion = "Xcode 14.0";
			developmentRegion = en;
			hasScannedForEncodings = 0;
			knownRegions = (
				en,
				Base,
			);
			mainGroup = BF88353E2C9244A90072B99E;
			productRefGroup = BF8835482C9244A90072B99E /* Products */;
			projectDirPath = "";
			projectRoot = "";
			targets = (
				BF8835462C9244A90072B99E /* Naruto-IOS */,
			);
		};
/* End PBXProject section */

/* Begin PBXResourcesBuildPhase section */
		BF8835452C9244A90072B99E /* Resources */ = {
			isa = PBXResourcesBuildPhase;
			buildActionMask = 2147483647;
			files = (
				BF1CCDF82C94BFD6006627AE /* NarutoListViewController.xib in Resources */,
				BF8835542C9244AA0072B99E /* Assets.xcassets in Resources */,
				BF1CCDFE2C94C6C4006627AE /* NarutoTableViewCell.xib in Resources */,
				BF8835572C9244AA0072B99E /* Base in Resources */,
			);
			runOnlyForDeploymentPostprocessing = 0;
		};
/* End PBXResourcesBuildPhase section */

/* Begin PBXSourcesBuildPhase section */
		BF8835432C9244A90072B99E /* Sources */ = {
			isa = PBXSourcesBuildPhase;
			buildActionMask = 2147483647;
			files = (
				BF1CCDFF2C94C6C4006627AE /* NarutoTableViewCell.swift in Sources */,
				BF88354B2C9244A90072B99E /* AppDelegate.swift in Sources */,
				BF1CCDF92C94BFD6006627AE /* NarutoListViewController.swift in Sources */,
				BF1CCDFB2C94C147006627AE /* Clan.swift in Sources */,
				BF88354D2C9244A90072B99E /* SceneDelegate.swift in Sources */,
				BF1CCE022C9500D9006627AE /* UIImageViewRemote.swift in Sources */,
			);
			runOnlyForDeploymentPostprocessing = 0;
		};
/* End PBXSourcesBuildPhase section */

/* Begin PBXVariantGroup section */
		BF8835552C9244AA0072B99E /* LaunchScreen.storyboard */ = {
			isa = PBXVariantGroup;
			children = (
				BF8835562C9244AA0072B99E /* Base */,
			);
			name = LaunchScreen.storyboard;
			sourceTree = "<group>";
		};
/* End PBXVariantGroup section */

/* Begin XCBuildConfiguration section */
		BF8835592C9244AA0072B99E /* Debug */ = {
			isa = XCBuildConfiguration;
			buildSettings = {
				ALWAYS_SEARCH_USER_PATHS = NO;
				ASSETCATALOG_COMPILER_GENERATE_SWIFT_ASSET_SYMBOL_EXTENSIONS = YES;
				CLANG_ANALYZER_NONNULL = YES;
				CLANG_ANALYZER_NUMBER_OBJECT_CONVERSION = YES_AGGRESSIVE;
				CLANG_CXX_LANGUAGE_STANDARD = "gnu++20";
				CLANG_ENABLE_MODULES = YES;
				CLANG_ENABLE_OBJC_ARC = YES;
				CLANG_ENABLE_OBJC_WEAK = YES;
				CLANG_WARN_BLOCK_CAPTURE_AUTORELEASING = YES;
				CLANG_WARN_BOOL_CONVERSION = YES;
				CLANG_WARN_COMMA = YES;
				CLANG_WARN_CONSTANT_CONVERSION = YES;
				CLANG_WARN_DEPRECATED_OBJC_IMPLEMENTATIONS = YES;
				CLANG_WARN_DIRECT_OBJC_ISA_USAGE = YES_ERROR;
				CLANG_WARN_DOCUMENTATION_COMMENTS = YES;
				CLANG_WARN_EMPTY_BODY = YES;
				CLANG_WARN_ENUM_CONVERSION = YES;
				CLANG_WARN_INFINITE_RECURSION = YES;
				CLANG_WARN_INT_CONVERSION = YES;
				CLANG_WARN_NON_LITERAL_NULL_CONVERSION = YES;
				CLANG_WARN_OBJC_IMPLICIT_RETAIN_SELF = YES;
				CLANG_WARN_OBJC_LITERAL_CONVERSION = YES;
				CLANG_WARN_OBJC_ROOT_CLASS = YES_ERROR;
				CLANG_WARN_QUOTED_INCLUDE_IN_FRAMEWORK_HEADER = YES;
				CLANG_WARN_RANGE_LOOP_ANALYSIS = YES;
				CLANG_WARN_STRICT_PROTOTYPES = YES;
				CLANG_WARN_SUSPICIOUS_MOVE = YES;
				CLANG_WARN_UNGUARDED_AVAILABILITY = YES_AGGRESSIVE;
				CLANG_WARN_UNREACHABLE_CODE = YES;
				CLANG_WARN__DUPLICATE_METHOD_MATCH = YES;
				COPY_PHASE_STRIP = NO;
				DEBUG_INFORMATION_FORMAT = dwarf;
				ENABLE_STRICT_OBJC_MSGSEND = YES;
				ENABLE_TESTABILITY = YES;
				ENABLE_USER_SCRIPT_SANDBOXING = YES;
				GCC_C_LANGUAGE_STANDARD = gnu17;
				GCC_DYNAMIC_NO_PIC = NO;
				GCC_NO_COMMON_BLOCKS = YES;
				GCC_OPTIMIZATION_LEVEL = 0;
				GCC_PREPROCESSOR_DEFINITIONS = (
					"DEBUG=1",
					"$(inherited)",
				);
				GCC_WARN_64_TO_32_BIT_CONVERSION = YES;
				GCC_WARN_ABOUT_RETURN_TYPE = YES_ERROR;
				GCC_WARN_UNDECLARED_SELECTOR = YES;
				GCC_WARN_UNINITIALIZED_AUTOS = YES_AGGRESSIVE;
				GCC_WARN_UNUSED_FUNCTION = YES;
				GCC_WARN_UNUSED_VARIABLE = YES;
				IPHONEOS_DEPLOYMENT_TARGET = 17.5;
				LOCALIZATION_PREFERS_STRING_CATALOGS = YES;
				MTL_ENABLE_DEBUG_INFO = INCLUDE_SOURCE;
				MTL_FAST_MATH = YES;
				ONLY_ACTIVE_ARCH = YES;
				SDKROOT = iphoneos;
				SWIFT_ACTIVE_COMPILATION_CONDITIONS = "DEBUG $(inherited)";
				SWIFT_OPTIMIZATION_LEVEL = "-Onone";
			};
			name = Debug;
		};
		BF88355A2C9244AA0072B99E /* Release */ = {
			isa = XCBuildConfiguration;
			buildSettings = {
				ALWAYS_SEARCH_USER_PATHS = NO;
				ASSETCATALOG_COMPILER_GENERATE_SWIFT_ASSET_SYMBOL_EXTENSIONS = YES;
				CLANG_ANALYZER_NONNULL = YES;
				CLANG_ANALYZER_NUMBER_OBJECT_CONVERSION = YES_AGGRESSIVE;
				CLANG_CXX_LANGUAGE_STANDARD = "gnu++20";
				CLANG_ENABLE_MODULES = YES;
				CLANG_ENABLE_OBJC_ARC = YES;
				CLANG_ENABLE_OBJC_WEAK = YES;
				CLANG_WARN_BLOCK_CAPTURE_AUTORELEASING = YES;
				CLANG_WARN_BOOL_CONVERSION = YES;
				CLANG_WARN_COMMA = YES;
				CLANG_WARN_CONSTANT_CONVERSION = YES;
				CLANG_WARN_DEPRECATED_OBJC_IMPLEMENTATIONS = YES;
				CLANG_WARN_DIRECT_OBJC_ISA_USAGE = YES_ERROR;
				CLANG_WARN_DOCUMENTATION_COMMENTS = YES;
				CLANG_WARN_EMPTY_BODY = YES;
				CLANG_WARN_ENUM_CONVERSION = YES;
				CLANG_WARN_INFINITE_RECURSION = YES;
				CLANG_WARN_INT_CONVERSION = YES;
				CLANG_WARN_NON_LITERAL_NULL_CONVERSION = YES;
				CLANG_WARN_OBJC_IMPLICIT_RETAIN_SELF = YES;
				CLANG_WARN_OBJC_LITERAL_CONVERSION = YES;
				CLANG_WARN_OBJC_ROOT_CLASS = YES_ERROR;
				CLANG_WARN_QUOTED_INCLUDE_IN_FRAMEWORK_HEADER = YES;
				CLANG_WARN_RANGE_LOOP_ANALYSIS = YES;
				CLANG_WARN_STRICT_PROTOTYPES = YES;
				CLANG_WARN_SUSPICIOUS_MOVE = YES;
				CLANG_WARN_UNGUARDED_AVAILABILITY = YES_AGGRESSIVE;
				CLANG_WARN_UNREACHABLE_CODE = YES;
				CLANG_WARN__DUPLICATE_METHOD_MATCH = YES;
				COPY_PHASE_STRIP = NO;
				DEBUG_INFORMATION_FORMAT = "dwarf-with-dsym";
				ENABLE_NS_ASSERTIONS = NO;
				ENABLE_STRICT_OBJC_MSGSEND = YES;
				ENABLE_USER_SCRIPT_SANDBOXING = YES;
				GCC_C_LANGUAGE_STANDARD = gnu17;
				GCC_NO_COMMON_BLOCKS = YES;
				GCC_WARN_64_TO_32_BIT_CONVERSION = YES;
				GCC_WARN_ABOUT_RETURN_TYPE = YES_ERROR;
				GCC_WARN_UNDECLARED_SELECTOR = YES;
				GCC_WARN_UNINITIALIZED_AUTOS = YES_AGGRESSIVE;
				GCC_WARN_UNUSED_FUNCTION = YES;
				GCC_WARN_UNUSED_VARIABLE = YES;
				IPHONEOS_DEPLOYMENT_TARGET = 17.5;
				LOCALIZATION_PREFERS_STRING_CATALOGS = YES;
				MTL_ENABLE_DEBUG_INFO = NO;
				MTL_FAST_MATH = YES;
				SDKROOT = iphoneos;
				SWIFT_COMPILATION_MODE = wholemodule;
				VALIDATE_PRODUCT = YES;
			};
			name = Release;
		};
		BF88355C2C9244AA0072B99E /* Debug */ = {
			isa = XCBuildConfiguration;
			buildSettings = {
				ASSETCATALOG_COMPILER_APPICON_NAME = AppIcon;
				ASSETCATALOG_COMPILER_GLOBAL_ACCENT_COLOR_NAME = AccentColor;
				CODE_SIGN_STYLE = Automatic;
				CURRENT_PROJECT_VERSION = 1;
				DEVELOPMENT_TEAM = P5P768BLW3;
				GENERATE_INFOPLIST_FILE = YES;
				INFOPLIST_FILE = "Naruto-IOS/Info.plist";
				INFOPLIST_KEY_UIApplicationSupportsIndirectInputEvents = YES;
				INFOPLIST_KEY_UILaunchStoryboardName = LaunchScreen;
				INFOPLIST_KEY_UISupportedInterfaceOrientations_iPad = "UIInterfaceOrientationPortrait UIInterfaceOrientationPortraitUpsideDown UIInterfaceOrientationLandscapeLeft UIInterfaceOrientationLandscapeRight";
				INFOPLIST_KEY_UISupportedInterfaceOrientations_iPhone = "UIInterfaceOrientationPortrait UIInterfaceOrientationLandscapeLeft UIInterfaceOrientationLandscapeRight";
				LD_RUNPATH_SEARCH_PATHS = (
					"$(inherited)",
					"@executable_path/Frameworks",
				);
				MARKETING_VERSION = 1.0;
				PRODUCT_BUNDLE_IDENTIFIER = "com.andyheredia.Naruto-IOS";
				PRODUCT_NAME = "$(TARGET_NAME)";
				SWIFT_EMIT_LOC_STRINGS = YES;
				SWIFT_VERSION = 5.0;
				TARGETED_DEVICE_FAMILY = "1,2";
			};
			name = Debug;
		};
		BF88355D2C9244AA0072B99E /* Release */ = {
			isa = XCBuildConfiguration;
			buildSettings = {
				ASSETCATALOG_COMPILER_APPICON_NAME = AppIcon;
				ASSETCATALOG_COMPILER_GLOBAL_ACCENT_COLOR_NAME = AccentColor;
				CODE_SIGN_STYLE = Automatic;
				CURRENT_PROJECT_VERSION = 1;
				DEVELOPMENT_TEAM = P5P768BLW3;
				GENERATE_INFOPLIST_FILE = YES;
				INFOPLIST_FILE = "Naruto-IOS/Info.plist";
				INFOPLIST_KEY_UIApplicationSupportsIndirectInputEvents = YES;
				INFOPLIST_KEY_UILaunchStoryboardName = LaunchScreen;
				INFOPLIST_KEY_UISupportedInterfaceOrientations_iPad = "UIInterfaceOrientationPortrait UIInterfaceOrientationPortraitUpsideDown UIInterfaceOrientationLandscapeLeft UIInterfaceOrientationLandscapeRight";
				INFOPLIST_KEY_UISupportedInterfaceOrientations_iPhone = "UIInterfaceOrientationPortrait UIInterfaceOrientationLandscapeLeft UIInterfaceOrientationLandscapeRight";
				LD_RUNPATH_SEARCH_PATHS = (
					"$(inherited)",
					"@executable_path/Frameworks",
				);
				MARKETING_VERSION = 1.0;
				PRODUCT_BUNDLE_IDENTIFIER = "com.andyheredia.Naruto-IOS";
				PRODUCT_NAME = "$(TARGET_NAME)";
				SWIFT_EMIT_LOC_STRINGS = YES;
				SWIFT_VERSION = 5.0;
				TARGETED_DEVICE_FAMILY = "1,2";
			};
			name = Release;
		};
/* End XCBuildConfiguration section */

/* Begin XCConfigurationList section */
		BF8835422C9244A90072B99E /* Build configuration list for PBXProject "Naruto-IOS" */ = {
			isa = XCConfigurationList;
			buildConfigurations = (
				BF8835592C9244AA0072B99E /* Debug */,
				BF88355A2C9244AA0072B99E /* Release */,
			);
			defaultConfigurationIsVisible = 0;
			defaultConfigurationName = Release;
		};
		BF88355B2C9244AA0072B99E /* Build configuration list for PBXNativeTarget "Naruto-IOS" */ = {
			isa = XCConfigurationList;
			buildConfigurations = (
				BF88355C2C9244AA0072B99E /* Debug */,
				BF88355D2C9244AA0072B99E /* Release */,
			);
			defaultConfigurationIsVisible = 0;
			defaultConfigurationName = Release;
		};
/* End XCConfigurationList section */
	};
	rootObject = BF88353F2C9244A90072B99E /* Project object */;
}
